// !$*UTF8*$!
{
	archiveVersion = 1;
	classes = {
	};
	objectVersion = 46;
	objects = {

/* Begin PBXBuildFile section */
		9A7C1ADE1D4A08B200A07D09 /* AppDelegate.swift in Sources */ = {isa = PBXBuildFile; fileRef = 9A7C1ADD1D4A08B200A07D09 /* AppDelegate.swift */; };
		9A7C1AE01D4A08B200A07D09 /* ViewController.swift in Sources */ = {isa = PBXBuildFile; fileRef = 9A7C1ADF1D4A08B200A07D09 /* ViewController.swift */; };
		9A7C1AE31D4A08B200A07D09 /* Main.storyboard in Resources */ = {isa = PBXBuildFile; fileRef = 9A7C1AE11D4A08B200A07D09 /* Main.storyboard */; };
		9A7C1AE51D4A08B200A07D09 /* Assets.xcassets in Resources */ = {isa = PBXBuildFile; fileRef = 9A7C1AE41D4A08B200A07D09 /* Assets.xcassets */; };
		9A7C1AE81D4A08B200A07D09 /* LaunchScreen.storyboard in Resources */ = {isa = PBXBuildFile; fileRef = 9A7C1AE61D4A08B200A07D09 /* LaunchScreen.storyboard */; };
		9A7C1AF31D4A08B200A07D09 /* KYClockTests.swift in Sources */ = {isa = PBXBuildFile; fileRef = 9A7C1AF21D4A08B200A07D09 /* KYClockTests.swift */; };
		9A7C1AFE1D4A08B200A07D09 /* KYClockUITests.swift in Sources */ = {isa = PBXBuildFile; fileRef = 9A7C1AFD1D4A08B200A07D09 /* KYClockUITests.swift */; };
		9A7C1B0C1D4A0D4D00A07D09 /* ClockView.swift in Sources */ = {isa = PBXBuildFile; fileRef = 9A7C1B0B1D4A0D4D00A07D09 /* ClockView.swift */; };
		9AD5796E1D8839130045F0A5 /* HandsView.swift in Sources */ = {isa = PBXBuildFile; fileRef = 9AD5796D1D8839130045F0A5 /* HandsView.swift */; };
/* End PBXBuildFile section */

/* Begin PBXContainerItemProxy section */
		9A7C1AEF1D4A08B200A07D09 /* PBXContainerItemProxy */ = {
			isa = PBXContainerItemProxy;
			containerPortal = 9A7C1AD21D4A08B200A07D09 /* Project object */;
			proxyType = 1;
			remoteGlobalIDString = 9A7C1AD91D4A08B200A07D09;
			remoteInfo = KYClock;
		};
		9A7C1AFA1D4A08B200A07D09 /* PBXContainerItemProxy */ = {
			isa = PBXContainerItemProxy;
			containerPortal = 9A7C1AD21D4A08B200A07D09 /* Project object */;
			proxyType = 1;
			remoteGlobalIDString = 9A7C1AD91D4A08B200A07D09;
			remoteInfo = KYClock;
		};
/* End PBXContainerItemProxy section */

/* Begin PBXFileReference section */
		9A7C1ADA1D4A08B200A07D09 /* KYClock.app */ = {isa = PBXFileReference; explicitFileType = wrapper.application; includeInIndex = 0; path = KYClock.app; sourceTree = BUILT_PRODUCTS_DIR; };
		9A7C1ADD1D4A08B200A07D09 /* AppDelegate.swift */ = {isa = PBXFileReference; lastKnownFileType = sourcecode.swift; path = AppDelegate.swift; sourceTree = "<group>"; };
		9A7C1ADF1D4A08B200A07D09 /* ViewController.swift */ = {isa = PBXFileReference; lastKnownFileType = sourcecode.swift; path = ViewController.swift; sourceTree = "<group>"; };
		9A7C1AE21D4A08B200A07D09 /* Base */ = {isa = PBXFileReference; lastKnownFileType = file.storyboard; name = Base; path = Base.lproj/Main.storyboard; sourceTree = "<group>"; };
		9A7C1AE41D4A08B200A07D09 /* Assets.xcassets */ = {isa = PBXFileReference; lastKnownFileType = folder.assetcatalog; path = Assets.xcassets; sourceTree = "<group>"; };
		9A7C1AE71D4A08B200A07D09 /* Base */ = {isa = PBXFileReference; lastKnownFileType = file.storyboard; name = Base; path = Base.lproj/LaunchScreen.storyboard; sourceTree = "<group>"; };
		9A7C1AE91D4A08B200A07D09 /* Info.plist */ = {isa = PBXFileReference; lastKnownFileType = text.plist.xml; path = Info.plist; sourceTree = "<group>"; };
		9A7C1AEE1D4A08B200A07D09 /* KYClockTests.xctest */ = {isa = PBXFileReference; explicitFileType = wrapper.cfbundle; includeInIndex = 0; path = KYClockTests.xctest; sourceTree = BUILT_PRODUCTS_DIR; };
		9A7C1AF21D4A08B200A07D09 /* KYClockTests.swift */ = {isa = PBXFileReference; lastKnownFileType = sourcecode.swift; path = KYClockTests.swift; sourceTree = "<group>"; };
		9A7C1AF41D4A08B200A07D09 /* Info.plist */ = {isa = PBXFileReference; lastKnownFileType = text.plist.xml; path = Info.plist; sourceTree = "<group>"; };
		9A7C1AF91D4A08B200A07D09 /* KYClockUITests.xctest */ = {isa = PBXFileReference; explicitFileType = wrapper.cfbundle; includeInIndex = 0; path = KYClockUITests.xctest; sourceTree = BUILT_PRODUCTS_DIR; };
		9A7C1AFD1D4A08B200A07D09 /* KYClockUITests.swift */ = {isa = PBXFileReference; lastKnownFileType = sourcecode.swift; path = KYClockUITests.swift; sourceTree = "<group>"; };
		9A7C1AFF1D4A08B200A07D09 /* Info.plist */ = {isa = PBXFileReference; lastKnownFileType = text.plist.xml; path = Info.plist; sourceTree = "<group>"; };
		9A7C1B0B1D4A0D4D00A07D09 /* ClockView.swift */ = {isa = PBXFileReference; fileEncoding = 4; lastKnownFileType = sourcecode.swift; path = ClockView.swift; sourceTree = "<group>"; };
		9AD5796D1D8839130045F0A5 /* HandsView.swift */ = {isa = PBXFileReference; fileEncoding = 4; lastKnownFileType = sourcecode.swift; path = HandsView.swift; sourceTree = "<group>"; };
/* End PBXFileReference section */

/* Begin PBXFrameworksBuildPhase section */
		9A7C1AD71D4A08B200A07D09 /* Frameworks */ = {
			isa = PBXFrameworksBuildPhase;
			buildActionMask = 2147483647;
			files = (
			);
			runOnlyForDeploymentPostprocessing = 0;
		};
		9A7C1AEB1D4A08B200A07D09 /* Frameworks */ = {
			isa = PBXFrameworksBuildPhase;
			buildActionMask = 2147483647;
			files = (
			);
			runOnlyForDeploymentPostprocessing = 0;
		};
		9A7C1AF61D4A08B200A07D09 /* Frameworks */ = {
			isa = PBXFrameworksBuildPhase;
			buildActionMask = 2147483647;
			files = (
			);
			runOnlyForDeploymentPostprocessing = 0;
		};
/* End PBXFrameworksBuildPhase section */

/* Begin PBXGroup section */
		9A7C1AD11D4A08B200A07D09 = {
			isa = PBXGroup;
			children = (
				9A7C1ADC1D4A08B200A07D09 /* KYClock */,
				9A7C1AF11D4A08B200A07D09 /* KYClockTests */,
				9A7C1AFC1D4A08B200A07D09 /* KYClockUITests */,
				9A7C1ADB1D4A08B200A07D09 /* Products */,
			);
			sourceTree = "<group>";
		};
		9A7C1ADB1D4A08B200A07D09 /* Products */ = {
			isa = PBXGroup;
			children = (
				9A7C1ADA1D4A08B200A07D09 /* KYClock.app */,
				9A7C1AEE1D4A08B200A07D09 /* KYClockTests.xctest */,
				9A7C1AF91D4A08B200A07D09 /* KYClockUITests.xctest */,
			);
			name = Products;
			sourceTree = "<group>";
		};
		9A7C1ADC1D4A08B200A07D09 /* KYClock */ = {
			isa = PBXGroup;
			children = (
				9A7C1ADD1D4A08B200A07D09 /* AppDelegate.swift */,
				9A7C1ADF1D4A08B200A07D09 /* ViewController.swift */,
				9AD5796D1D8839130045F0A5 /* HandsView.swift */,
				9A7C1B0B1D4A0D4D00A07D09 /* ClockView.swift */,
				9A7C1AE11D4A08B200A07D09 /* Main.storyboard */,
				9A7C1AE41D4A08B200A07D09 /* Assets.xcassets */,
				9A7C1AE61D4A08B200A07D09 /* LaunchScreen.storyboard */,
				9A7C1AE91D4A08B200A07D09 /* Info.plist */,
			);
			path = KYClock;
			sourceTree = "<group>";
		};
		9A7C1AF11D4A08B200A07D09 /* KYClockTests */ = {
			isa = PBXGroup;
			children = (
				9A7C1AF21D4A08B200A07D09 /* KYClockTests.swift */,
				9A7C1AF41D4A08B200A07D09 /* Info.plist */,
			);
			path = KYClockTests;
			sourceTree = "<group>";
		};
		9A7C1AFC1D4A08B200A07D09 /* KYClockUITests */ = {
			isa = PBXGroup;
			children = (
				9A7C1AFD1D4A08B200A07D09 /* KYClockUITests.swift */,
				9A7C1AFF1D4A08B200A07D09 /* Info.plist */,
			);
			path = KYClockUITests;
			sourceTree = "<group>";
		};
/* End PBXGroup section */

/* Begin PBXNativeTarget section */
		9A7C1AD91D4A08B200A07D09 /* KYClock */ = {
			isa = PBXNativeTarget;
			buildConfigurationList = 9A7C1B021D4A08B200A07D09 /* Build configuration list for PBXNativeTarget "KYClock" */;
			buildPhases = (
				9A7C1AD61D4A08B200A07D09 /* Sources */,
				9A7C1AD71D4A08B200A07D09 /* Frameworks */,
				9A7C1AD81D4A08B200A07D09 /* Resources */,
			);
			buildRules = (
			);
			dependencies = (
			);
			name = KYClock;
			productName = KYClock;
			productReference = 9A7C1ADA1D4A08B200A07D09 /* KYClock.app */;
			productType = "com.apple.product-type.application";
		};
		9A7C1AED1D4A08B200A07D09 /* KYClockTests */ = {
			isa = PBXNativeTarget;
			buildConfigurationList = 9A7C1B051D4A08B200A07D09 /* Build configuration list for PBXNativeTarget "KYClockTests" */;
			buildPhases = (
				9A7C1AEA1D4A08B200A07D09 /* Sources */,
				9A7C1AEB1D4A08B200A07D09 /* Frameworks */,
				9A7C1AEC1D4A08B200A07D09 /* Resources */,
			);
			buildRules = (
			);
			dependencies = (
				9A7C1AF01D4A08B200A07D09 /* PBXTargetDependency */,
			);
			name = KYClockTests;
			productName = KYClockTests;
			productReference = 9A7C1AEE1D4A08B200A07D09 /* KYClockTests.xctest */;
			productType = "com.apple.product-type.bundle.unit-test";
		};
		9A7C1AF81D4A08B200A07D09 /* KYClockUITests */ = {
			isa = PBXNativeTarget;
			buildConfigurationList = 9A7C1B081D4A08B200A07D09 /* Build configuration list for PBXNativeTarget "KYClockUITests" */;
			buildPhases = (
				9A7C1AF51D4A08B200A07D09 /* Sources */,
				9A7C1AF61D4A08B200A07D09 /* Frameworks */,
				9A7C1AF71D4A08B200A07D09 /* Resources */,
			);
			buildRules = (
			);
			dependencies = (
				9A7C1AFB1D4A08B200A07D09 /* PBXTargetDependency */,
			);
			name = KYClockUITests;
			productName = KYClockUITests;
			productReference = 9A7C1AF91D4A08B200A07D09 /* KYClockUITests.xctest */;
			productType = "com.apple.product-type.bundle.ui-testing";
		};
/* End PBXNativeTarget section */

/* Begin PBXProject section */
		9A7C1AD21D4A08B200A07D09 /* Project object */ = {
			isa = PBXProject;
			attributes = {
				LastSwiftUpdateCheck = 0730;
				LastUpgradeCheck = 0730;
				ORGANIZATIONNAME = Lawliet;
				TargetAttributes = {
					9A7C1AD91D4A08B200A07D09 = {
						CreatedOnToolsVersion = 7.3.1;
						DevelopmentTeam = J9G3N86U4L;
					};
					9A7C1AED1D4A08B200A07D09 = {
						CreatedOnToolsVersion = 7.3.1;
						TestTargetID = 9A7C1AD91D4A08B200A07D09;
					};
					9A7C1AF81D4A08B200A07D09 = {
						CreatedOnToolsVersion = 7.3.1;
						TestTargetID = 9A7C1AD91D4A08B200A07D09;
					};
				};
			};
			buildConfigurationList = 9A7C1AD51D4A08B200A07D09 /* Build configuration list for PBXProject "KYClock" */;
			compatibilityVersion = "Xcode 3.2";
			developmentRegion = English;
			hasScannedForEncodings = 0;
			knownRegions = (
				en,
				Base,
			);
			mainGroup = 9A7C1AD11D4A08B200A07D09;
			productRefGroup = 9A7C1ADB1D4A08B200A07D09 /* Products */;
			projectDirPath = "";
			projectRoot = "";
			targets = (
				9A7C1AD91D4A08B200A07D09 /* KYClock */,
				9A7C1AED1D4A08B200A07D09 /* KYClockTests */,
				9A7C1AF81D4A08B200A07D09 /* KYClockUITests */,
			);
		};
/* End PBXProject section */

/* Begin PBXResourcesBuildPhase section */
		9A7C1AD81D4A08B200A07D09 /* Resources */ = {
			isa = PBXResourcesBuildPhase;
			buildActionMask = 2147483647;
			files = (
				9A7C1AE81D4A08B200A07D09 /* LaunchScreen.storyboard in Resources */,
				9A7C1AE51D4A08B200A07D09 /* Assets.xcassets in Resources */,
				9A7C1AE31D4A08B200A07D09 /* Main.storyboard in Resources */,
			);
			runOnlyForDeploymentPostprocessing = 0;
		};
		9A7C1AEC1D4A08B200A07D09 /* Resources */ = {
			isa = PBXResourcesBuildPhase;
			buildActionMask = 2147483647;
			files = (
			);
			runOnlyForDeploymentPostprocessing = 0;
		};
		9A7C1AF71D4A08B200A07D09 /* Resources */ = {
			isa = PBXResourcesBuildPhase;
			buildActionMask = 2147483647;
			files = (
			);
			runOnlyForDeploymentPostprocessing = 0;
		};
/* End PBXResourcesBuildPhase section */

/* Begin PBXSourcesBuildPhase section */
		9A7C1AD61D4A08B200A07D09 /* Sources */ = {
			isa = PBXSourcesBuildPhase;
			buildActionMask = 2147483647;
			files = (
				9A7C1AE01D4A08B200A07D09 /* ViewController.swift in Sources */,
				9A7C1B0C1D4A0D4D00A07D09 /* ClockView.swift in Sources */,
				9A7C1ADE1D4A08B200A07D09 /* AppDelegate.swift in Sources */,
				9AD5796E1D8839130045F0A5 /* HandsView.swift in Sources */,
			);
			runOnlyForDeploymentPostprocessing = 0;
		};
		9A7C1AEA1D4A08B200A07D09 /* Sources */ = {
			isa = PBXSourcesBuildPhase;
			buildActionMask = 2147483647;
			files = (
				9A7C1AF31D4A08B200A07D09 /* KYClockTests.swift in Sources */,
			);
			runOnlyForDeploymentPostprocessing = 0;
		};
		9A7C1AF51D4A08B200A07D09 /* Sources */ = {
			isa = PBXSourcesBuildPhase;
			buildActionMask = 2147483647;
			files = (
				9A7C1AFE1D4A08B200A07D09 /* KYClockUITests.swift in Sources */,
			);
			runOnlyForDeploymentPostprocessing = 0;
		};
/* End PBXSourcesBuildPhase section */

/* Begin PBXTargetDependency section */
		9A7C1AF01D4A08B200A07D09 /* PBXTargetDependency */ = {
			isa = PBXTargetDependency;
			target = 9A7C1AD91D4A08B200A07D09 /* KYClock */;
			targetProxy = 9A7C1AEF1D4A08B200A07D09 /* PBXContainerItemProxy */;
		};
		9A7C1AFB1D4A08B200A07D09 /* PBXTargetDependency */ = {
			isa = PBXTargetDependency;
			target = 9A7C1AD91D4A08B200A07D09 /* KYClock */;
			targetProxy = 9A7C1AFA1D4A08B200A07D09 /* PBXContainerItemProxy */;
		};
/* End PBXTargetDependency section */

/* Begin PBXVariantGroup section */
		9A7C1AE11D4A08B200A07D09 /* Main.storyboard */ = {
			isa = PBXVariantGroup;
			children = (
				9A7C1AE21D4A08B200A07D09 /* Base */,
			);
			name = Main.storyboard;
			sourceTree = "<group>";
		};
		9A7C1AE61D4A08B200A07D09 /* LaunchScreen.storyboard */ = {
			isa = PBXVariantGroup;
			children = (
				9A7C1AE71D4A08B200A07D09 /* Base */,
			);
			name = LaunchScreen.storyboard;
			sourceTree = "<group>";
		};
/* End PBXVariantGroup section */

/* Begin XCBuildConfiguration section */
		9A7C1B001D4A08B200A07D09 /* Debug */ = {
			isa = XCBuildConfiguration;
			buildSettings = {
				ALWAYS_SEARCH_USER_PATHS = NO;
				CLANG_ANALYZER_NONNULL = YES;
				CLANG_CXX_LANGUAGE_STANDARD = "gnu++0x";
				CLANG_CXX_LIBRARY = "libc++";
				CLANG_ENABLE_MODULES = YES;
				CLANG_ENABLE_OBJC_ARC = YES;
				CLANG_WARN_BOOL_CONVERSION = YES;
				CLANG_WARN_CONSTANT_CONVERSION = YES;
				CLANG_WARN_DIRECT_OBJC_ISA_USAGE = YES_ERROR;
				CLANG_WARN_EMPTY_BODY = YES;
				CLANG_WARN_ENUM_CONVERSION = YES;
				CLANG_WARN_INT_CONVERSION = YES;
				CLANG_WARN_OBJC_ROOT_CLASS = YES_ERROR;
				CLANG_WARN_UNREACHABLE_CODE = YES;
				CLANG_WARN__DUPLICATE_METHOD_MATCH = YES;
				"CODE_SIGN_IDENTITY[sdk=iphoneos*]" = "iPhone Developer";
				COPY_PHASE_STRIP = NO;
				DEBUG_INFORMATION_FORMAT = dwarf;
				ENABLE_STRICT_OBJC_MSGSEND = YES;
				ENABLE_TESTABILITY = YES;
				GCC_C_LANGUAGE_STANDARD = gnu99;
				GCC_DYNAMIC_NO_PIC = NO;
				GCC_NO_COMMON_BLOCKS = YES;
				GCC_OPTIMIZATION_LEVEL = 0;
				GCC_PREPROCESSOR_DEFINITIONS = (
					"DEBUG=1",
					"$(inherited)",
				);
				GCC_WARN_64_TO_32_BIT_CONVERSION = YES;
				GCC_WARN_ABOUT_RETURN_TYPE = YES_ERROR;
				GCC_WARN_UNDECLARED_SELECTOR = YES;
				GCC_WARN_UNINITIALIZED_AUTOS = YES_AGGRESSIVE;
				GCC_WARN_UNUSED_FUNCTION = YES;
				GCC_WARN_UNUSED_VARIABLE = YES;
				IPHONEOS_DEPLOYMENT_TARGET = 9.3;
				MTL_ENABLE_DEBUG_INFO = YES;
				ONLY_ACTIVE_ARCH = YES;
				SDKROOT = iphoneos;
				SWIFT_OPTIMIZATION_LEVEL = "-Onone";
				TARGETED_DEVICE_FAMILY = "1,2";
			};
			name = Debug;
		};
		9A7C1B011D4A08B200A07D09 /* Release */ = {
			isa = XCBuildConfiguration;
			buildSettings = {
				ALWAYS_SEARCH_USER_PATHS = NO;
				CLANG_ANALYZER_NONNULL = YES;
				CLANG_CXX_LANGUAGE_STANDARD = "gnu++0x";
				CLANG_CXX_LIBRARY = "libc++";
				CLANG_ENABLE_MODULES = YES;
				CLANG_ENABLE_OBJC_ARC = YES;
				CLANG_WARN_BOOL_CONVERSION = YES;
				CLANG_WARN_CONSTANT_CONVERSION = YES;
				CLANG_WARN_DIRECT_OBJC_ISA_USAGE = YES_ERROR;
				CLANG_WARN_EMPTY_BODY = YES;
				CLANG_WARN_ENUM_CONVERSION = YES;
				CLANG_WARN_INT_CONVERSION = YES;
				CLANG_WARN_OBJC_ROOT_CLASS = YES_ERROR;
				CLANG_WARN_UNREACHABLE_CODE = YES;
				CLANG_WARN__DUPLICATE_METHOD_MATCH = YES;
				"CODE_SIGN_IDENTITY[sdk=iphoneos*]" = "iPhone Developer";
				COPY_PHASE_STRIP = NO;
				DEBUG_INFORMATION_FORMAT = "dwarf-with-dsym";
				ENABLE_NS_ASSERTIONS = NO;
				ENABLE_STRICT_OBJC_MSGSEND = YES;
				GCC_C_LANGUAGE_STANDARD = gnu99;
				GCC_NO_COMMON_BLOCKS = YES;
				GCC_WARN_64_TO_32_BIT_CONVERSION = YES;
				GCC_WARN_ABOUT_RETURN_TYPE = YES_ERROR;
				GCC_WARN_UNDECLARED_SELECTOR = YES;
				GCC_WARN_UNINITIALIZED_AUTOS = YES_AGGRESSIVE;
				GCC_WARN_UNUSED_FUNCTION = YES;
				GCC_WARN_UNUSED_VARIABLE = YES;
				IPHONEOS_DEPLOYMENT_TARGET = 9.3;
				MTL_ENABLE_DEBUG_INFO = NO;
				SDKROOT = iphoneos;
				TARGETED_DEVICE_FAMILY = "1,2";
				VALIDATE_PRODUCT = YES;
			};
			name = Release;
		};
		9A7C1B031D4A08B200A07D09 /* Debug */ = {
			isa = XCBuildConfiguration;
			buildSettings = {
				ASSETCATALOG_COMPILER_APPICON_NAME = AppIcon;
				CODE_SIGN_IDENTITY = "iPhone Developer";
				"CODE_SIGN_IDENTITY[sdk=iphoneos*]" = "iPhone Developer";
				INFOPLIST_FILE = KYClock/Info.plist;
				IPHONEOS_DEPLOYMENT_TARGET = 8.0;
				LD_RUNPATH_SEARCH_PATHS = "$(inherited) @executable_path/Frameworks";
				PRODUCT_BUNDLE_IDENTIFIER = Lawliet.KYClock;
				PRODUCT_NAME = "$(TARGET_NAME)";
				PROVISIONING_PROFILE = "";
			};
			name = Debug;
		};
		9A7C1B041D4A08B200A07D09 /* Release */ = {
			isa = XCBuildConfiguration;
			buildSettings = {
				ASSETCATALOG_COMPILER_APPICON_NAME = AppIcon;
				CODE_SIGN_IDENTITY = "iPhone Developer";
				"CODE_SIGN_IDENTITY[sdk=iphoneos*]" = "iPhone Developer";
				INFOPLIST_FILE = KYClock/Info.plist;
				IPHONEOS_DEPLOYMENT_TARGET = 8.0;
				LD_RUNPATH_SEARCH_PATHS = "$(inherited) @executable_path/Frameworks";
				PRODUCT_BUNDLE_IDENTIFIER = Lawliet.KYClock;
				PRODUCT_NAME = "$(TARGET_NAME)";
				PROVISIONING_PROFILE = "";
			};
			name = Release;
		};
		9A7C1B061D4A08B200A07D09 /* Debug */ = {
			isa = XCBuildConfiguration;
			buildSettings = {
				BUNDLE_LOADER = "$(TEST_HOST)";
				INFOPLIST_FILE = KYClockTests/Info.plist;
				LD_RUNPATH_SEARCH_PATHS = "$(inherited) @executable_path/Frameworks @loader_path/Frameworks";
				PRODUCT_BUNDLE_IDENTIFIER = Lawliet.KYClockTests;
				PRODUCT_NAME = "$(TARGET_NAME)";
				TEST_HOST = "$(BUILT_PRODUCTS_DIR)/KYClock.app/KYClock";
			};
			name = Debug;
		};
		9A7C1B071D4A08B200A07D09 /* Release */ = {
			isa = XCBuildConfiguration;
			buildSettings = {
				BUNDLE_LOADER = "$(TEST_HOST)";
				INFOPLIST_FILE = KYClockTests/Info.plist;
				LD_RUNPATH_SEARCH_PATHS = "$(inherited) @executable_path/Frameworks @loader_path/Frameworks";
				PRODUCT_BUNDLE_IDENTIFIER = Lawliet.KYClockTests;
				PRODUCT_NAME = "$(TARGET_NAME)";
				TEST_HOST = "$(BUILT_PRODUCTS_DIR)/KYClock.app/KYClock";
			};
			name = Release;
		};
		9A7C1B091D4A08B200A07D09 /* Debug */ = {
			isa = XCBuildConfiguration;
			buildSettings = {
				INFOPLIST_FILE = KYClockUITests/Info.plist;
				LD_RUNPATH_SEARCH_PATHS = "$(inherited) @executable_path/Frameworks @loader_path/Frameworks";
				PRODUCT_BUNDLE_IDENTIFIER = Lawliet.KYClockUITests;
				PRODUCT_NAME = "$(TARGET_NAME)";
				TEST_TARGET_NAME = KYClock;
			};
			name = Debug;
		};
		9A7C1B0A1D4A08B200A07D09 /* Release */ = {
			isa = XCBuildConfiguration;
			buildSettings = {
				INFOPLIST_FILE = KYClockUITests/Info.plist;
				LD_RUNPATH_SEARCH_PATHS = "$(inherited) @executable_path/Frameworks @loader_path/Frameworks";
				PRODUCT_BUNDLE_IDENTIFIER = Lawliet.KYClockUITests;
				PRODUCT_NAME = "$(TARGET_NAME)";
				TEST_TARGET_NAME = KYClock;
			};
			name = Release;
		};
/* End XCBuildConfiguration section */

/* Begin XCConfigurationList section */
		9A7C1AD51D4A08B200A07D09 /* Build configuration list for PBXProject "KYClock" */ = {
			isa = XCConfigurationList;
			buildConfigurations = (
				9A7C1B001D4A08B200A07D09 /* Debug */,
				9A7C1B011D4A08B200A07D09 /* Release */,
			);
			defaultConfigurationIsVisible = 0;
			defaultConfigurationName = Release;
		};
		9A7C1B021D4A08B200A07D09 /* Build configuration list for PBXNativeTarget "KYClock" */ = {
			isa = XCConfigurationList;
			buildConfigurations = (
				9A7C1B031D4A08B200A07D09 /* Debug */,
				9A7C1B041D4A08B200A07D09 /* Release */,
			);
			defaultConfigurationIsVisible = 0;
			defaultConfigurationName = Release;
		};
		9A7C1B051D4A08B200A07D09 /* Build configuration list for PBXNativeTarget "KYClockTests" */ = {
			isa = XCConfigurationList;
			buildConfigurations = (
				9A7C1B061D4A08B200A07D09 /* Debug */,
				9A7C1B071D4A08B200A07D09 /* Release */,
			);
			defaultConfigurationIsVisible = 0;
			defaultConfigurationName = Release;
		};
		9A7C1B081D4A08B200A07D09 /* Build configuration list for PBXNativeTarget "KYClockUITests" */ = {
			isa = XCConfigurationList;
			buildConfigurations = (
				9A7C1B091D4A08B200A07D09 /* Debug */,
				9A7C1B0A1D4A08B200A07D09 /* Release */,
			);
			defaultConfigurationIsVisible = 0;
			defaultConfigurationName = Release;
		};
/* End XCConfigurationList section */
	};
	rootObject = 9A7C1AD21D4A08B200A07D09 /* Project object */;
}
